
Microsoft Visual Studio Solution File, Format Version 12.00
# Visual Studio Version 17
VisualStudioVersion = 17.13.35825.156 d17.13
MinimumVisualStudioVersion = 10.0.40219.1
Project("{FAE04EC0-301F-11D3-BF4B-00C04F79EFBC}") = "WebApiTestDemo", "WebApiTestDemo\WebApiTestDemo.csproj", "{653221BF-B1DC-43BB-8B7E-536704700C3A}"
EndProject
Project("{FAE04EC0-301F-11D3-BF4B-00C04F79EFBC}") = "Entities", "Entities\Entities.csproj", "{1BA5EC81-AE5C-4E28-8387-F729ADB14E7D}"
EndProject
Project("{FAE04EC0-301F-11D3-BF4B-00C04F79EFBC}") = "WebApi.Test", "WebApi.Test\WebApi.Test.csproj", "{6FD72EC3-A853-489B-82F7-FDD45357CE01}"
EndProject
Global
	GlobalSection(SolutionConfigurationPlatforms) = preSolution
		Debug|Any CPU = Debug|Any CPU
		Release|Any CPU = Release|Any CPU
	EndGlobalSection
	GlobalSection(ProjectConfigurationPlatforms) = postSolution
		{653221BF-B1DC-43BB-8B7E-536704700C3A}.Debug|Any CPU.ActiveCfg = Debug|Any CPU
		{653221BF-B1DC-43BB-8B7E-536704700C3A}.Debug|Any CPU.Build.0 = Debug|Any CPU
		{653221BF-B1DC-43BB-8B7E-536704700C3A}.Release|Any CPU.ActiveCfg = Release|Any CPU
		{653221BF-B1DC-43BB-8B7E-536704700C3A}.Release|Any CPU.Build.0 = Release|Any CPU
		{1BA5EC81-AE5C-4E28-8387-F729ADB14E7D}.Debug|Any CPU.ActiveCfg = Debug|Any CPU
		{1BA5EC81-AE5C-4E28-8387-F729ADB14E7D}.Debug|Any CPU.Build.0 = Debug|Any CPU
		{1BA5EC81-AE5C-4E28-8387-F729ADB14E7D}.Release|Any CPU.ActiveCfg = Release|Any CPU
		{1BA5EC81-AE5C-4E28-8387-F729ADB14E7D}.Release|Any CPU.Build.0 = Release|Any CPU
		{6FD72EC3-A853-489B-82F7-FDD45357CE01}.Debug|Any CPU.ActiveCfg = Debug|Any CPU
		{6FD72EC3-A853-489B-82F7-FDD45357CE01}.Debug|Any CPU.Build.0 = Debug|Any CPU
		{6FD72EC3-A853-489B-82F7-FDD45357CE01}.Release|Any CPU.ActiveCfg = Release|Any CPU
		{6FD72EC3-A853-489B-82F7-FDD45357CE01}.Release|Any CPU.Build.0 = Release|Any CPU
	EndGlobalSection
	GlobalSection(SolutionProperties) = preSolution
		HideSolutionNode = FALSE
	EndGlobalSection
	GlobalSection(ExtensibilityGlobals) = postSolution
		SolutionGuid = {105750D2-DD62-4B19-A925-7A3CECCEC908}
	EndGlobalSection
EndGlobal
